
Microsoft Visual Studio Solution File, Format Version 12.00
# Visual Studio Version 17
VisualStudioVersion = 17.0.32014.148
MinimumVisualStudioVersion = 10.0.40219.1
Project("{8BC9CEB8-8B4A-11D0-8D11-00A0C91BC942}") = "chain-ptr-um", "chain-ptr-um.vcxproj", "{9A6953A6-4172-41CC-9A26-695B7B975ADC}"
EndProject
Global
	GlobalSection(SolutionConfigurationPlatforms) = preSolution
		Debug|x64 = Debug|x64
		Debug|x86 = Debug|x86
		Release|x64 = Release|x64
		Release|x86 = Release|x86
	EndGlobalSection
	GlobalSection(ProjectConfigurationPlatforms) = postSolution
		{9A6953A6-4172-41CC-9A26-695B7B975ADC}.Debug|x64.ActiveCfg = Debug|x64
		{9A6953A6-4172-41CC-9A26-695B7B975ADC}.Debug|x64.Build.0 = Debug|x64
		{9A6953A6-4172-41CC-9A26-695B7B975ADC}.Debug|x86.ActiveCfg = Debug|Win32
		{9A6953A6-4172-41CC-9A26-695B7B975ADC}.Debug|x86.Build.0 = Debug|Win32
		{9A6953A6-4172-41CC-9A26-695B7B975ADC}.Release|x64.ActiveCfg = Release|x64
		{9A6953A6-4172-41CC-9A26-695B7B975ADC}.Release|x64.Build.0 = Release|x64
		{9A6953A6-4172-41CC-9A26-695B7B975ADC}.Release|x86.ActiveCfg = Release|Win32
		{9A6953A6-4172-41CC-9A26-695B7B975ADC}.Release|x86.Build.0 = Release|Win32
	EndGlobalSection
	GlobalSection(SolutionProperties) = preSolution
		HideSolutionNode = FALSE
	EndGlobalSection
	GlobalSection(ExtensibilityGlobals) = postSolution
		SolutionGuid = {F3922351-5570-42C0-8780-DE460F94C4A1}
	EndGlobalSection
EndGlobal
